
Microsoft Visual Studio Solution File, Format Version 12.00
# Visual Studio Version 17
VisualStudioVersion = 17.5.33516.290
MinimumVisualStudioVersion = 10.0.40219.1
Project("{FAE04EC0-301F-11D3-BF4B-00C04F79EFBC}") = "ContaCorrente.ConsoleApp", "ContaCorrente.ConsoleApp\ContaCorrente.ConsoleApp.csproj", "{687A3ABE-51D6-4CBC-B85B-B6F752275655}"
EndProject
Project("{2150E333-8FDC-42A3-9474-1A3956D46DE8}") = "Itens de Solução", "Itens de Solução", "{F1C28019-24BF-424A-87D7-9FBAB8B3FD2F}"
	ProjectSection(SolutionItems) = preProject
		ContaCorrente.cs = ContaCorrente.cs
		Cliente.cs = Cliente.cs
		Movimentação.cs = Movimentação.cs
	EndProjectSection
EndProject
Global
	GlobalSection(SolutionConfigurationPlatforms) = preSolution
		Debug|Any CPU = Debug|Any CPU
		Release|Any CPU = Release|Any CPU
	EndGlobalSection
	GlobalSection(ProjectConfigurationPlatforms) = postSolution
		{687A3ABE-51D6-4CBC-B85B-B6F752275655}.Debug|Any CPU.ActiveCfg = Debug|Any CPU
		{687A3ABE-51D6-4CBC-B85B-B6F752275655}.Debug|Any CPU.Build.0 = Debug|Any CPU
		{687A3ABE-51D6-4CBC-B85B-B6F752275655}.Release|Any CPU.ActiveCfg = Release|Any CPU
		{687A3ABE-51D6-4CBC-B85B-B6F752275655}.Release|Any CPU.Build.0 = Release|Any CPU
	EndGlobalSection
	GlobalSection(SolutionProperties) = preSolution
		HideSolutionNode = FALSE
	EndGlobalSection
	GlobalSection(ExtensibilityGlobals) = postSolution
		SolutionGuid = {8E7393E6-920C-49E1-88F8-FFBDADE14926}
	EndGlobalSection
EndGlobal
